{
	"name": "baxter-family",
	"lockfileVersion": 3,
	"requires": true,
	"packages": {
		"": {
			"name": "baxter-family",
			"dependencies": {
				"libphonenumber-js": "^1.13.11",
				"obscenity": "^0.4.6"
			}
		},
		"node_modules/libphonenumber-js": {
			"version": "1.13.11",
			"resolved": "https://registry.npmjs.org/libphonenumber-js/-/libphonenumber-js-1.13.11.tgz",
			"integrity": "sha512-ETER2kMaIFTI/Nh1a8Gk03dUF/SL0VZqtI+CcVHZxp5WIHYwNS7S+uiYZDYCvLy3lOR4/DAD5jf0h5WkePPpqg==",
			"license": "MIT"
		},
		"node_modules/obscenity": {
			"version": "0.4.6",
			"resolved": "https://registry.npmjs.org/obscenity/-/obscenity-0.4.6.tgz",
			"integrity": "sha512-pHk7kNN7j3L3zGhhGnwxjvXIGsPpLrcZl2r58fqWh/V/rH6b/dafscj2sMmAY+A/9/wPsocLmimgGk2DKeKsFQ==",
			"license": "MIT",
			"engines": {
				"node": ">=18.0.0"
			}
		}
	}
}
